{
  "name": "lefthook-playground",
  "version": "1.0.0",
  "lockfileVersion": 1,
  "requires": true,
  "dependencies": {
    "@arkweid/lefthook": {
      "version": "0.6.7",
      "resolved": "https://registry.npmjs.org/@arkweid/lefthook/-/lefthook-0.6.7.tgz",
      "integrity": "sha512-UAsXrRpiRRlOC5B2E6Lfg8QpvPouBrtOsLGlUXRHkJNkrDX69ouh+rUwj+o1N/Nf0lCgvOlj04NFayQyu3u4ew==",
      "dev": true
    }
  }
}
